
Microsoft Visual Studio Solution File, Format Version 12.00
# Visual Studio Version 16
VisualStudioVersion = 16.0.29806.167
MinimumVisualStudioVersion = 10.0.40219.1
Project("{9A19103F-16F7-4668-BE54-9A1E7A4F7556}") = "KnowledgeTestingService.API", "KnowledgeTestingService.API\KnowledgeTestingService.API.csproj", "{A6D69A4C-E13A-4DCF-AE5B-AD17A873B701}"
EndProject
Project("{9A19103F-16F7-4668-BE54-9A1E7A4F7556}") = "KnowledgeTestingService.DAL", "KnowledgeTestingService.DAL\KnowledgeTestingService.DAL.csproj", "{BB072563-9615-4D8B-87C5-C2B6C3011EB8}"
EndProject
Project("{9A19103F-16F7-4668-BE54-9A1E7A4F7556}") = "KnowledgeTestingService.BLL", "KnowledgeTestingService.BLL\KnowledgeTestingService.BLL.csproj", "{B586B02E-A065-46FC-82FE-354391A8BFE3}"
EndProject
Project("{9A19103F-16F7-4668-BE54-9A1E7A4F7556}") = "KnowledgeTestingService.Authentication", "KnowledgeTestingService.Authentication\KnowledgeTestingService.Authentication.csproj", "{9332C0C1-5DA4-48A2-80AC-141577DBBE5D}"
EndProject
Project("{9A19103F-16F7-4668-BE54-9A1E7A4F7556}") = "KnowledgeTestingService.Common", "KnowledgeTestingService.Common\KnowledgeTestingService.Common.csproj", "{4530A75E-3F41-45CF-B90F-7203CB215C25}"
EndProject
Project("{FAE04EC0-301F-11D3-BF4B-00C04F79EFBC}") = "KnowledgeTestingService.BLL.Tests", "KnowledgeTestingService.BLL.Tests\KnowledgeTestingService.BLL.Tests.csproj", "{555A89FA-C2B7-4D77-8C41-E64F3AC99111}"
EndProject
Global
	GlobalSection(SolutionConfigurationPlatforms) = preSolution
		Debug|Any CPU = Debug|Any CPU
		Release|Any CPU = Release|Any CPU
	EndGlobalSection
	GlobalSection(ProjectConfigurationPlatforms) = postSolution
		{A6D69A4C-E13A-4DCF-AE5B-AD17A873B701}.Debug|Any CPU.ActiveCfg = Debug|Any CPU
		{A6D69A4C-E13A-4DCF-AE5B-AD17A873B701}.Debug|Any CPU.Build.0 = Debug|Any CPU
		{A6D69A4C-E13A-4DCF-AE5B-AD17A873B701}.Release|Any CPU.ActiveCfg = Release|Any CPU
		{A6D69A4C-E13A-4DCF-AE5B-AD17A873B701}.Release|Any CPU.Build.0 = Release|Any CPU
		{BB072563-9615-4D8B-87C5-C2B6C3011EB8}.Debug|Any CPU.ActiveCfg = Debug|Any CPU
		{BB072563-9615-4D8B-87C5-C2B6C3011EB8}.Debug|Any CPU.Build.0 = Debug|Any CPU
		{BB072563-9615-4D8B-87C5-C2B6C3011EB8}.Release|Any CPU.ActiveCfg = Release|Any CPU
		{BB072563-9615-4D8B-87C5-C2B6C3011EB8}.Release|Any CPU.Build.0 = Release|Any CPU
		{B586B02E-A065-46FC-82FE-354391A8BFE3}.Debug|Any CPU.ActiveCfg = Debug|Any CPU
		{B586B02E-A065-46FC-82FE-354391A8BFE3}.Debug|Any CPU.Build.0 = Debug|Any CPU
		{B586B02E-A065-46FC-82FE-354391A8BFE3}.Release|Any CPU.ActiveCfg = Release|Any CPU
		{B586B02E-A065-46FC-82FE-354391A8BFE3}.Release|Any CPU.Build.0 = Release|Any CPU
		{9332C0C1-5DA4-48A2-80AC-141577DBBE5D}.Debug|Any CPU.ActiveCfg = Debug|Any CPU
		{9332C0C1-5DA4-48A2-80AC-141577DBBE5D}.Debug|Any CPU.Build.0 = Debug|Any CPU
		{9332C0C1-5DA4-48A2-80AC-141577DBBE5D}.Release|Any CPU.ActiveCfg = Release|Any CPU
		{9332C0C1-5DA4-48A2-80AC-141577DBBE5D}.Release|Any CPU.Build.0 = Release|Any CPU
		{4530A75E-3F41-45CF-B90F-7203CB215C25}.Debug|Any CPU.ActiveCfg = Debug|Any CPU
		{4530A75E-3F41-45CF-B90F-7203CB215C25}.Debug|Any CPU.Build.0 = Debug|Any CPU
		{4530A75E-3F41-45CF-B90F-7203CB215C25}.Release|Any CPU.ActiveCfg = Release|Any CPU
		{4530A75E-3F41-45CF-B90F-7203CB215C25}.Release|Any CPU.Build.0 = Release|Any CPU
		{555A89FA-C2B7-4D77-8C41-E64F3AC99111}.Debug|Any CPU.ActiveCfg = Debug|Any CPU
		{555A89FA-C2B7-4D77-8C41-E64F3AC99111}.Debug|Any CPU.Build.0 = Debug|Any CPU
		{555A89FA-C2B7-4D77-8C41-E64F3AC99111}.Release|Any CPU.ActiveCfg = Release|Any CPU
		{555A89FA-C2B7-4D77-8C41-E64F3AC99111}.Release|Any CPU.Build.0 = Release|Any CPU
	EndGlobalSection
	GlobalSection(SolutionProperties) = preSolution
		HideSolutionNode = FALSE
	EndGlobalSection
	GlobalSection(ExtensibilityGlobals) = postSolution
		SolutionGuid = {66B0BFA6-97B3-499C-8FA1-933009A269DC}
	EndGlobalSection
EndGlobal
